
Microsoft Visual Studio Solution File, Format Version 12.00
# Visual Studio Version 17
VisualStudioVersion = 17.4.33205.214
MinimumVisualStudioVersion = 10.0.40219.1
Project("{9A19103F-16F7-4668-BE54-9A1E7A4F7556}") = "API", "RoadmapAPIApp\API.csproj", "{FFA6FACD-092C-4CBF-8B93-ACE9192F5138}"
EndProject
Project("{9A19103F-16F7-4668-BE54-9A1E7A4F7556}") = "Infra", "RoadmapServices\Infra.csproj", "{5E56AAD1-E5E7-46B9-9A82-251567ED5BEA}"
EndProject
Project("{9A19103F-16F7-4668-BE54-9A1E7A4F7556}") = "Domain", "RoadmapRepository\Domain.csproj", "{1785F8C8-EFD3-4C13-A111-289D98487990}"
EndProject
Project("{00D1A9C2-B5F0-4AF3-8072-F6C62B433612}") = "Database", "RoadmapDatabase\Database.sqlproj", "{BE30F41E-F895-4975-A682-7C895C44BE55}"
EndProject
Project("{9A19103F-16F7-4668-BE54-9A1E7A4F7556}") = "Site", "RoadmapSite\Site.csproj", "{5EC9DAD0-531F-4E28-B1EC-B558A5E006D3}"
EndProject
Project("{9A19103F-16F7-4668-BE54-9A1E7A4F7556}") = "RoadmapAPITests", "RoadmapAPITests\RoadmapAPITests.csproj", "{F87B6A11-F4E1-47B4-A5F3-772BA69BACC1}"
EndProject
Project("{2150E333-8FDC-42A3-9474-1A3956D46DE8}") = "src", "src", "{FDCC2E0B-6759-4D9A-865C-0F1F9E063240}"
EndProject
Project("{2150E333-8FDC-42A3-9474-1A3956D46DE8}") = "tests", "tests", "{E120917B-F3DA-4B9A-9A9F-E0CC290C6720}"
EndProject
Project("{2150E333-8FDC-42A3-9474-1A3956D46DE8}") = "RoadmapService", "RoadmapService", "{45A50B7D-0802-439E-8A8F-8BBE1C22641A}"
EndProject
Global
	GlobalSection(SolutionConfigurationPlatforms) = preSolution
		Debug|Any CPU = Debug|Any CPU
		Release|Any CPU = Release|Any CPU
	EndGlobalSection
	GlobalSection(ProjectConfigurationPlatforms) = postSolution
		{FFA6FACD-092C-4CBF-8B93-ACE9192F5138}.Debug|Any CPU.ActiveCfg = Debug|Any CPU
		{FFA6FACD-092C-4CBF-8B93-ACE9192F5138}.Debug|Any CPU.Build.0 = Debug|Any CPU
		{FFA6FACD-092C-4CBF-8B93-ACE9192F5138}.Release|Any CPU.ActiveCfg = Release|Any CPU
		{FFA6FACD-092C-4CBF-8B93-ACE9192F5138}.Release|Any CPU.Build.0 = Release|Any CPU
		{5E56AAD1-E5E7-46B9-9A82-251567ED5BEA}.Debug|Any CPU.ActiveCfg = Debug|Any CPU
		{5E56AAD1-E5E7-46B9-9A82-251567ED5BEA}.Debug|Any CPU.Build.0 = Debug|Any CPU
		{5E56AAD1-E5E7-46B9-9A82-251567ED5BEA}.Release|Any CPU.ActiveCfg = Release|Any CPU
		{5E56AAD1-E5E7-46B9-9A82-251567ED5BEA}.Release|Any CPU.Build.0 = Release|Any CPU
		{1785F8C8-EFD3-4C13-A111-289D98487990}.Debug|Any CPU.ActiveCfg = Debug|Any CPU
		{1785F8C8-EFD3-4C13-A111-289D98487990}.Debug|Any CPU.Build.0 = Debug|Any CPU
		{1785F8C8-EFD3-4C13-A111-289D98487990}.Release|Any CPU.ActiveCfg = Release|Any CPU
		{1785F8C8-EFD3-4C13-A111-289D98487990}.Release|Any CPU.Build.0 = Release|Any CPU
		{BE30F41E-F895-4975-A682-7C895C44BE55}.Debug|Any CPU.ActiveCfg = Debug|Any CPU
		{BE30F41E-F895-4975-A682-7C895C44BE55}.Debug|Any CPU.Build.0 = Debug|Any CPU
		{BE30F41E-F895-4975-A682-7C895C44BE55}.Debug|Any CPU.Deploy.0 = Debug|Any CPU
		{BE30F41E-F895-4975-A682-7C895C44BE55}.Release|Any CPU.ActiveCfg = Release|Any CPU
		{BE30F41E-F895-4975-A682-7C895C44BE55}.Release|Any CPU.Build.0 = Release|Any CPU
		{BE30F41E-F895-4975-A682-7C895C44BE55}.Release|Any CPU.Deploy.0 = Release|Any CPU
		{5EC9DAD0-531F-4E28-B1EC-B558A5E006D3}.Debug|Any CPU.ActiveCfg = Debug|Any CPU
		{5EC9DAD0-531F-4E28-B1EC-B558A5E006D3}.Debug|Any CPU.Build.0 = Debug|Any CPU
		{5EC9DAD0-531F-4E28-B1EC-B558A5E006D3}.Release|Any CPU.ActiveCfg = Release|Any CPU
		{5EC9DAD0-531F-4E28-B1EC-B558A5E006D3}.Release|Any CPU.Build.0 = Release|Any CPU
		{F87B6A11-F4E1-47B4-A5F3-772BA69BACC1}.Debug|Any CPU.ActiveCfg = Debug|Any CPU
		{F87B6A11-F4E1-47B4-A5F3-772BA69BACC1}.Debug|Any CPU.Build.0 = Debug|Any CPU
		{F87B6A11-F4E1-47B4-A5F3-772BA69BACC1}.Release|Any CPU.ActiveCfg = Release|Any CPU
		{F87B6A11-F4E1-47B4-A5F3-772BA69BACC1}.Release|Any CPU.Build.0 = Release|Any CPU
	EndGlobalSection
	GlobalSection(SolutionProperties) = preSolution
		HideSolutionNode = FALSE
	EndGlobalSection
	GlobalSection(NestedProjects) = preSolution
		{FFA6FACD-092C-4CBF-8B93-ACE9192F5138} = {45A50B7D-0802-439E-8A8F-8BBE1C22641A}
		{5E56AAD1-E5E7-46B9-9A82-251567ED5BEA} = {45A50B7D-0802-439E-8A8F-8BBE1C22641A}
		{1785F8C8-EFD3-4C13-A111-289D98487990} = {45A50B7D-0802-439E-8A8F-8BBE1C22641A}
		{BE30F41E-F895-4975-A682-7C895C44BE55} = {45A50B7D-0802-439E-8A8F-8BBE1C22641A}
		{5EC9DAD0-531F-4E28-B1EC-B558A5E006D3} = {45A50B7D-0802-439E-8A8F-8BBE1C22641A}
		{F87B6A11-F4E1-47B4-A5F3-772BA69BACC1} = {E120917B-F3DA-4B9A-9A9F-E0CC290C6720}
		{45A50B7D-0802-439E-8A8F-8BBE1C22641A} = {FDCC2E0B-6759-4D9A-865C-0F1F9E063240}
	EndGlobalSection
	GlobalSection(ExtensibilityGlobals) = postSolution
		SolutionGuid = {E148D4AB-8AB4-4409-A98F-429C51AA4CE1}
	EndGlobalSection
EndGlobal
